
Microsoft Visual Studio Solution File, Format Version 12.00
# Visual Studio Version 17
VisualStudioVersion = 17.6.33829.357
MinimumVisualStudioVersion = 10.0.40219.1
Project("{FAE04EC0-301F-11D3-BF4B-00C04F79EFBC}") = "sqlcombo", "sqlcombo.csproj", "{EA142A53-E621-4F6E-82D3-A51ACCF757B6}"
EndProject
Global
	GlobalSection(SolutionConfigurationPlatforms) = preSolution
		Debug|Any CPU = Debug|Any CPU
		Release|Any CPU = Release|Any CPU
	EndGlobalSection
	GlobalSection(ProjectConfigurationPlatforms) = postSolution
		{EA142A53-E621-4F6E-82D3-A51ACCF757B6}.Debug|Any CPU.ActiveCfg = Debug|Any CPU
		{EA142A53-E621-4F6E-82D3-A51ACCF757B6}.Debug|Any CPU.Build.0 = Debug|Any CPU
		{EA142A53-E621-4F6E-82D3-A51ACCF757B6}.Release|Any CPU.ActiveCfg = Release|Any CPU
		{EA142A53-E621-4F6E-82D3-A51ACCF757B6}.Release|Any CPU.Build.0 = Release|Any CPU
	EndGlobalSection
	GlobalSection(SolutionProperties) = preSolution
		HideSolutionNode = FALSE
	EndGlobalSection
	GlobalSection(ExtensibilityGlobals) = postSolution
		SolutionGuid = {A0EA3C92-3951-471E-A3FC-734CEA531AF5}
	EndGlobalSection
EndGlobal
